
Microsoft Visual Studio Solution File, Format Version 12.00
# Visual Studio Version 16
VisualStudioVersion = 16.0.29509.3
MinimumVisualStudioVersion = 10.0.40219.1
Project("{FAE04EC0-301F-11D3-BF4B-00C04F79EFBC}") = "Sales.UWP", "Sales\Sales.UWP\Sales.UWP.csproj", "{865BFE0B-2C6C-431E-BCEB-B4A04E945847}"
EndProject
Project("{FAE04EC0-301F-11D3-BF4B-00C04F79EFBC}") = "Sales.Android", "Sales\Sales.Android\Sales.Android.csproj", "{C129AF8A-EFAC-4310-9114-9B5A14EEAF5B}"
EndProject
Project("{FAE04EC0-301F-11D3-BF4B-00C04F79EFBC}") = "Sales.iOS", "Sales\Sales.iOS\Sales.iOS.csproj", "{A4BE9E1E-00AF-43CF-83AA-98F2834959ED}"
EndProject
Project("{9A19103F-16F7-4668-BE54-9A1E7A4F7556}") = "Sales", "Sales\Sales\Sales.csproj", "{5C8C6F57-B4E5-4A62-A000-35ECA48255B7}"
EndProject
Project("{FAE04EC0-301F-11D3-BF4B-00C04F79EFBC}") = "Sales.Domain", "Sales.Domain\Sales.Domain.csproj", "{4ADCCDB6-88DE-478C-AF25-3C299A413E65}"
EndProject
Project("{FAE04EC0-301F-11D3-BF4B-00C04F79EFBC}") = "Sales.Backend", "Sales.Backend\Sales.Backend.csproj", "{FEFF07D7-0D64-434D-A60F-16D9EEA67BAE}"
EndProject
Project("{FAE04EC0-301F-11D3-BF4B-00C04F79EFBC}") = "Sales.API", "Sales.API\Sales.API.csproj", "{16FB22D1-2223-4213-BB76-993D5235956A}"
EndProject
Global
	GlobalSection(SolutionConfigurationPlatforms) = preSolution
		Debug|Any CPU = Debug|Any CPU
		Debug|ARM = Debug|ARM
		Debug|iPhone = Debug|iPhone
		Debug|iPhoneSimulator = Debug|iPhoneSimulator
		Debug|x64 = Debug|x64
		Debug|x86 = Debug|x86
		Release|Any CPU = Release|Any CPU
		Release|ARM = Release|ARM
		Release|iPhone = Release|iPhone
		Release|iPhoneSimulator = Release|iPhoneSimulator
		Release|x64 = Release|x64
		Release|x86 = Release|x86
	EndGlobalSection
	GlobalSection(ProjectConfigurationPlatforms) = postSolution
		{865BFE0B-2C6C-431E-BCEB-B4A04E945847}.Debug|Any CPU.ActiveCfg = Debug|x86
		{865BFE0B-2C6C-431E-BCEB-B4A04E945847}.Debug|Any CPU.Build.0 = Debug|x86
		{865BFE0B-2C6C-431E-BCEB-B4A04E945847}.Debug|Any CPU.Deploy.0 = Debug|x86
		{865BFE0B-2C6C-431E-BCEB-B4A04E945847}.Debug|ARM.ActiveCfg = Debug|ARM
		{865BFE0B-2C6C-431E-BCEB-B4A04E945847}.Debug|ARM.Build.0 = Debug|ARM
		{865BFE0B-2C6C-431E-BCEB-B4A04E945847}.Debug|ARM.Deploy.0 = Debug|ARM
		{865BFE0B-2C6C-431E-BCEB-B4A04E945847}.Debug|iPhone.ActiveCfg = Debug|x86
		{865BFE0B-2C6C-431E-BCEB-B4A04E945847}.Debug|iPhone.Build.0 = Debug|x86
		{865BFE0B-2C6C-431E-BCEB-B4A04E945847}.Debug|iPhone.Deploy.0 = Debug|x86
		{865BFE0B-2C6C-431E-BCEB-B4A04E945847}.Debug|iPhoneSimulator.ActiveCfg = Debug|x86
		{865BFE0B-2C6C-431E-BCEB-B4A04E945847}.Debug|iPhoneSimulator.Build.0 = Debug|x86
		{865BFE0B-2C6C-431E-BCEB-B4A04E945847}.Debug|iPhoneSimulator.Deploy.0 = Debug|x86
		{865BFE0B-2C6C-431E-BCEB-B4A04E945847}.Debug|x64.ActiveCfg = Debug|x64
		{865BFE0B-2C6C-431E-BCEB-B4A04E945847}.Debug|x64.Build.0 = Debug|x64
		{865BFE0B-2C6C-431E-BCEB-B4A04E945847}.Debug|x64.Deploy.0 = Debug|x64
		{865BFE0B-2C6C-431E-BCEB-B4A04E945847}.Debug|x86.ActiveCfg = Debug|x86
		{865BFE0B-2C6C-431E-BCEB-B4A04E945847}.Debug|x86.Build.0 = Debug|x86
		{865BFE0B-2C6C-431E-BCEB-B4A04E945847}.Debug|x86.Deploy.0 = Debug|x86
		{865BFE0B-2C6C-431E-BCEB-B4A04E945847}.Release|Any CPU.ActiveCfg = Release|x86
		{865BFE0B-2C6C-431E-BCEB-B4A04E945847}.Release|Any CPU.Build.0 = Release|x86
		{865BFE0B-2C6C-431E-BCEB-B4A04E945847}.Release|Any CPU.Deploy.0 = Release|x86
		{865BFE0B-2C6C-431E-BCEB-B4A04E945847}.Release|ARM.ActiveCfg = Release|ARM
		{865BFE0B-2C6C-431E-BCEB-B4A04E945847}.Release|ARM.Build.0 = Release|ARM
		{865BFE0B-2C6C-431E-BCEB-B4A04E945847}.Release|ARM.Deploy.0 = Release|ARM
		{865BFE0B-2C6C-431E-BCEB-B4A04E945847}.Release|iPhone.ActiveCfg = Release|x86
		{865BFE0B-2C6C-431E-BCEB-B4A04E945847}.Release|iPhone.Build.0 = Release|x86
		{865BFE0B-2C6C-431E-BCEB-B4A04E945847}.Release|iPhone.Deploy.0 = Release|x86
		{865BFE0B-2C6C-431E-BCEB-B4A04E945847}.Release|iPhoneSimulator.ActiveCfg = Release|x86
		{865BFE0B-2C6C-431E-BCEB-B4A04E945847}.Release|iPhoneSimulator.Build.0 = Release|x86
		{865BFE0B-2C6C-431E-BCEB-B4A04E945847}.Release|iPhoneSimulator.Deploy.0 = Release|x86
		{865BFE0B-2C6C-431E-BCEB-B4A04E945847}.Release|x64.ActiveCfg = Release|x64
		{865BFE0B-2C6C-431E-BCEB-B4A04E945847}.Release|x64.Build.0 = Release|x64
		{865BFE0B-2C6C-431E-BCEB-B4A04E945847}.Release|x64.Deploy.0 = Release|x64
		{865BFE0B-2C6C-431E-BCEB-B4A04E945847}.Release|x86.ActiveCfg = Release|x86
		{865BFE0B-2C6C-431E-BCEB-B4A04E945847}.Release|x86.Build.0 = Release|x86
		{865BFE0B-2C6C-431E-BCEB-B4A04E945847}.Release|x86.Deploy.0 = Release|x86
		{C129AF8A-EFAC-4310-9114-9B5A14EEAF5B}.Debug|Any CPU.ActiveCfg = Debug|Any CPU
		{C129AF8A-EFAC-4310-9114-9B5A14EEAF5B}.Debug|Any CPU.Build.0 = Debug|Any CPU
		{C129AF8A-EFAC-4310-9114-9B5A14EEAF5B}.Debug|Any CPU.Deploy.0 = Debug|Any CPU
		{C129AF8A-EFAC-4310-9114-9B5A14EEAF5B}.Debug|ARM.ActiveCfg = Debug|Any CPU
		{C129AF8A-EFAC-4310-9114-9B5A14EEAF5B}.Debug|ARM.Build.0 = Debug|Any CPU
		{C129AF8A-EFAC-4310-9114-9B5A14EEAF5B}.Debug|ARM.Deploy.0 = Debug|Any CPU
		{C129AF8A-EFAC-4310-9114-9B5A14EEAF5B}.Debug|iPhone.ActiveCfg = Debug|Any CPU
		{C129AF8A-EFAC-4310-9114-9B5A14EEAF5B}.Debug|iPhone.Build.0 = Debug|Any CPU
		{C129AF8A-EFAC-4310-9114-9B5A14EEAF5B}.Debug|iPhone.Deploy.0 = Debug|Any CPU
		{C129AF8A-EFAC-4310-9114-9B5A14EEAF5B}.Debug|iPhoneSimulator.ActiveCfg = Debug|Any CPU
		{C129AF8A-EFAC-4310-9114-9B5A14EEAF5B}.Debug|iPhoneSimulator.Build.0 = Debug|Any CPU
		{C129AF8A-EFAC-4310-9114-9B5A14EEAF5B}.Debug|iPhoneSimulator.Deploy.0 = Debug|Any CPU
		{C129AF8A-EFAC-4310-9114-9B5A14EEAF5B}.Debug|x64.ActiveCfg = Debug|Any CPU
		{C129AF8A-EFAC-4310-9114-9B5A14EEAF5B}.Debug|x64.Build.0 = Debug|Any CPU
		{C129AF8A-EFAC-4310-9114-9B5A14EEAF5B}.Debug|x64.Deploy.0 = Debug|Any CPU
		{C129AF8A-EFAC-4310-9114-9B5A14EEAF5B}.Debug|x86.ActiveCfg = Debug|Any CPU
		{C129AF8A-EFAC-4310-9114-9B5A14EEAF5B}.Debug|x86.Build.0 = Debug|Any CPU
		{C129AF8A-EFAC-4310-9114-9B5A14EEAF5B}.Debug|x86.Deploy.0 = Debug|Any CPU
		{C129AF8A-EFAC-4310-9114-9B5A14EEAF5B}.Release|Any CPU.ActiveCfg = Release|Any CPU
		{C129AF8A-EFAC-4310-9114-9B5A14EEAF5B}.Release|Any CPU.Build.0 = Release|Any CPU
		{C129AF8A-EFAC-4310-9114-9B5A14EEAF5B}.Release|Any CPU.Deploy.0 = Release|Any CPU
		{C129AF8A-EFAC-4310-9114-9B5A14EEAF5B}.Release|ARM.ActiveCfg = Release|Any CPU
		{C129AF8A-EFAC-4310-9114-9B5A14EEAF5B}.Release|ARM.Build.0 = Release|Any CPU
		{C129AF8A-EFAC-4310-9114-9B5A14EEAF5B}.Release|ARM.Deploy.0 = Release|Any CPU
		{C129AF8A-EFAC-4310-9114-9B5A14EEAF5B}.Release|iPhone.ActiveCfg = Release|Any CPU
		{C129AF8A-EFAC-4310-9114-9B5A14EEAF5B}.Release|iPhone.Build.0 = Release|Any CPU
		{C129AF8A-EFAC-4310-9114-9B5A14EEAF5B}.Release|iPhone.Deploy.0 = Release|Any CPU
		{C129AF8A-EFAC-4310-9114-9B5A14EEAF5B}.Release|iPhoneSimulator.ActiveCfg = Release|Any CPU
		{C129AF8A-EFAC-4310-9114-9B5A14EEAF5B}.Release|iPhoneSimulator.Build.0 = Release|Any CPU
		{C129AF8A-EFAC-4310-9114-9B5A14EEAF5B}.Release|iPhoneSimulator.Deploy.0 = Release|Any CPU
		{C129AF8A-EFAC-4310-9114-9B5A14EEAF5B}.Release|x64.ActiveCfg = Release|Any CPU
		{C129AF8A-EFAC-4310-9114-9B5A14EEAF5B}.Release|x64.Build.0 = Release|Any CPU
		{C129AF8A-EFAC-4310-9114-9B5A14EEAF5B}.Release|x64.Deploy.0 = Release|Any CPU
		{C129AF8A-EFAC-4310-9114-9B5A14EEAF5B}.Release|x86.ActiveCfg = Release|Any CPU
		{C129AF8A-EFAC-4310-9114-9B5A14EEAF5B}.Release|x86.Build.0 = Release|Any CPU
		{C129AF8A-EFAC-4310-9114-9B5A14EEAF5B}.Release|x86.Deploy.0 = Release|Any CPU
		{A4BE9E1E-00AF-43CF-83AA-98F2834959ED}.Debug|Any CPU.ActiveCfg = Debug|iPhone
		{A4BE9E1E-00AF-43CF-83AA-98F2834959ED}.Debug|Any CPU.Build.0 = Debug|iPhone
		{A4BE9E1E-00AF-43CF-83AA-98F2834959ED}.Debug|Any CPU.Deploy.0 = Debug|iPhone
		{A4BE9E1E-00AF-43CF-83AA-98F2834959ED}.Debug|ARM.ActiveCfg = Debug|iPhoneSimulator
		{A4BE9E1E-00AF-43CF-83AA-98F2834959ED}.Debug|ARM.Build.0 = Debug|iPhoneSimulator
		{A4BE9E1E-00AF-43CF-83AA-98F2834959ED}.Debug|ARM.Deploy.0 = Debug|iPhoneSimulator
		{A4BE9E1E-00AF-43CF-83AA-98F2834959ED}.Debug|iPhone.ActiveCfg = Debug|iPhone
		{A4BE9E1E-00AF-43CF-83AA-98F2834959ED}.Debug|iPhone.Build.0 = Debug|iPhone
		{A4BE9E1E-00AF-43CF-83AA-98F2834959ED}.Debug|iPhone.Deploy.0 = Debug|iPhone
		{A4BE9E1E-00AF-43CF-83AA-98F2834959ED}.Debug|iPhoneSimulator.ActiveCfg = Debug|iPhoneSimulator
		{A4BE9E1E-00AF-43CF-83AA-98F2834959ED}.Debug|iPhoneSimulator.Build.0 = Debug|iPhoneSimulator
		{A4BE9E1E-00AF-43CF-83AA-98F2834959ED}.Debug|iPhoneSimulator.Deploy.0 = Debug|iPhoneSimulator
		{A4BE9E1E-00AF-43CF-83AA-98F2834959ED}.Debug|x64.ActiveCfg = Debug|iPhone
		{A4BE9E1E-00AF-43CF-83AA-98F2834959ED}.Debug|x64.Build.0 = Debug|iPhone
		{A4BE9E1E-00AF-43CF-83AA-98F2834959ED}.Debug|x64.Deploy.0 = Debug|iPhone
		{A4BE9E1E-00AF-43CF-83AA-98F2834959ED}.Debug|x86.ActiveCfg = Debug|iPhone
		{A4BE9E1E-00AF-43CF-83AA-98F2834959ED}.Debug|x86.Build.0 = Debug|iPhone
		{A4BE9E1E-00AF-43CF-83AA-98F2834959ED}.Debug|x86.Deploy.0 = Debug|iPhone
		{A4BE9E1E-00AF-43CF-83AA-98F2834959ED}.Release|Any CPU.ActiveCfg = Release|iPhone
		{A4BE9E1E-00AF-43CF-83AA-98F2834959ED}.Release|Any CPU.Build.0 = Release|iPhone
		{A4BE9E1E-00AF-43CF-83AA-98F2834959ED}.Release|Any CPU.Deploy.0 = Release|iPhone
		{A4BE9E1E-00AF-43CF-83AA-98F2834959ED}.Release|ARM.ActiveCfg = Release|iPhone
		{A4BE9E1E-00AF-43CF-83AA-98F2834959ED}.Release|ARM.Build.0 = Release|iPhone
		{A4BE9E1E-00AF-43CF-83AA-98F2834959ED}.Release|ARM.Deploy.0 = Release|iPhone
		{A4BE9E1E-00AF-43CF-83AA-98F2834959ED}.Release|iPhone.ActiveCfg = Release|iPhone
		{A4BE9E1E-00AF-43CF-83AA-98F2834959ED}.Release|iPhone.Build.0 = Release|iPhone
		{A4BE9E1E-00AF-43CF-83AA-98F2834959ED}.Release|iPhone.Deploy.0 = Release|iPhone
		{A4BE9E1E-00AF-43CF-83AA-98F2834959ED}.Release|iPhoneSimulator.ActiveCfg = Release|iPhoneSimulator
		{A4BE9E1E-00AF-43CF-83AA-98F2834959ED}.Release|iPhoneSimulator.Build.0 = Release|iPhoneSimulator
		{A4BE9E1E-00AF-43CF-83AA-98F2834959ED}.Release|iPhoneSimulator.Deploy.0 = Release|iPhoneSimulator
		{A4BE9E1E-00AF-43CF-83AA-98F2834959ED}.Release|x64.ActiveCfg = Release|iPhone
		{A4BE9E1E-00AF-43CF-83AA-98F2834959ED}.Release|x64.Build.0 = Release|iPhone
		{A4BE9E1E-00AF-43CF-83AA-98F2834959ED}.Release|x64.Deploy.0 = Release|iPhone
		{A4BE9E1E-00AF-43CF-83AA-98F2834959ED}.Release|x86.ActiveCfg = Release|iPhone
		{A4BE9E1E-00AF-43CF-83AA-98F2834959ED}.Release|x86.Build.0 = Release|iPhone
		{A4BE9E1E-00AF-43CF-83AA-98F2834959ED}.Release|x86.Deploy.0 = Release|iPhone
		{5C8C6F57-B4E5-4A62-A000-35ECA48255B7}.Debug|Any CPU.ActiveCfg = Debug|Any CPU
		{5C8C6F57-B4E5-4A62-A000-35ECA48255B7}.Debug|Any CPU.Build.0 = Debug|Any CPU
		{5C8C6F57-B4E5-4A62-A000-35ECA48255B7}.Debug|Any CPU.Deploy.0 = Debug|Any CPU
		{5C8C6F57-B4E5-4A62-A000-35ECA48255B7}.Debug|ARM.ActiveCfg = Debug|Any CPU
		{5C8C6F57-B4E5-4A62-A000-35ECA48255B7}.Debug|ARM.Build.0 = Debug|Any CPU
		{5C8C6F57-B4E5-4A62-A000-35ECA48255B7}.Debug|ARM.Deploy.0 = Debug|Any CPU
		{5C8C6F57-B4E5-4A62-A000-35ECA48255B7}.Debug|iPhone.ActiveCfg = Debug|Any CPU
		{5C8C6F57-B4E5-4A62-A000-35ECA48255B7}.Debug|iPhone.Build.0 = Debug|Any CPU
		{5C8C6F57-B4E5-4A62-A000-35ECA48255B7}.Debug|iPhone.Deploy.0 = Debug|Any CPU
		{5C8C6F57-B4E5-4A62-A000-35ECA48255B7}.Debug|iPhoneSimulator.ActiveCfg = Debug|Any CPU
		{5C8C6F57-B4E5-4A62-A000-35ECA48255B7}.Debug|iPhoneSimulator.Build.0 = Debug|Any CPU
		{5C8C6F57-B4E5-4A62-A000-35ECA48255B7}.Debug|iPhoneSimulator.Deploy.0 = Debug|Any CPU
		{5C8C6F57-B4E5-4A62-A000-35ECA48255B7}.Debug|x64.ActiveCfg = Debug|Any CPU
		{5C8C6F57-B4E5-4A62-A000-35ECA48255B7}.Debug|x64.Build.0 = Debug|Any CPU
		{5C8C6F57-B4E5-4A62-A000-35ECA48255B7}.Debug|x64.Deploy.0 = Debug|Any CPU
		{5C8C6F57-B4E5-4A62-A000-35ECA48255B7}.Debug|x86.ActiveCfg = Debug|Any CPU
		{5C8C6F57-B4E5-4A62-A000-35ECA48255B7}.Debug|x86.Build.0 = Debug|Any CPU
		{5C8C6F57-B4E5-4A62-A000-35ECA48255B7}.Debug|x86.Deploy.0 = Debug|Any CPU
		{5C8C6F57-B4E5-4A62-A000-35ECA48255B7}.Release|Any CPU.ActiveCfg = Release|Any CPU
		{5C8C6F57-B4E5-4A62-A000-35ECA48255B7}.Release|Any CPU.Build.0 = Release|Any CPU
		{5C8C6F57-B4E5-4A62-A000-35ECA48255B7}.Release|Any CPU.Deploy.0 = Release|Any CPU
		{5C8C6F57-B4E5-4A62-A000-35ECA48255B7}.Release|ARM.ActiveCfg = Release|Any CPU
		{5C8C6F57-B4E5-4A62-A000-35ECA48255B7}.Release|ARM.Build.0 = Release|Any CPU
		{5C8C6F57-B4E5-4A62-A000-35ECA48255B7}.Release|ARM.Deploy.0 = Release|Any CPU
		{5C8C6F57-B4E5-4A62-A000-35ECA48255B7}.Release|iPhone.ActiveCfg = Release|Any CPU
		{5C8C6F57-B4E5-4A62-A000-35ECA48255B7}.Release|iPhone.Build.0 = Release|Any CPU
		{5C8C6F57-B4E5-4A62-A000-35ECA48255B7}.Release|iPhone.Deploy.0 = Release|Any CPU
		{5C8C6F57-B4E5-4A62-A000-35ECA48255B7}.Release|iPhoneSimulator.ActiveCfg = Release|Any CPU
		{5C8C6F57-B4E5-4A62-A000-35ECA48255B7}.Release|iPhoneSimulator.Build.0 = Release|Any CPU
		{5C8C6F57-B4E5-4A62-A000-35ECA48255B7}.Release|iPhoneSimulator.Deploy.0 = Release|Any CPU
		{5C8C6F57-B4E5-4A62-A000-35ECA48255B7}.Release|x64.ActiveCfg = Release|Any CPU
		{5C8C6F57-B4E5-4A62-A000-35ECA48255B7}.Release|x64.Build.0 = Release|Any CPU
		{5C8C6F57-B4E5-4A62-A000-35ECA48255B7}.Release|x64.Deploy.0 = Release|Any CPU
		{5C8C6F57-B4E5-4A62-A000-35ECA48255B7}.Release|x86.ActiveCfg = Release|Any CPU
		{5C8C6F57-B4E5-4A62-A000-35ECA48255B7}.Release|x86.Build.0 = Release|Any CPU
		{5C8C6F57-B4E5-4A62-A000-35ECA48255B7}.Release|x86.Deploy.0 = Release|Any CPU
		{4ADCCDB6-88DE-478C-AF25-3C299A413E65}.Debug|Any CPU.ActiveCfg = Debug|Any CPU
		{4ADCCDB6-88DE-478C-AF25-3C299A413E65}.Debug|Any CPU.Build.0 = Debug|Any CPU
		{4ADCCDB6-88DE-478C-AF25-3C299A413E65}.Debug|ARM.ActiveCfg = Debug|Any CPU
		{4ADCCDB6-88DE-478C-AF25-3C299A413E65}.Debug|ARM.Build.0 = Debug|Any CPU
		{4ADCCDB6-88DE-478C-AF25-3C299A413E65}.Debug|iPhone.ActiveCfg = Debug|Any CPU
		{4ADCCDB6-88DE-478C-AF25-3C299A413E65}.Debug|iPhone.Build.0 = Debug|Any CPU
		{4ADCCDB6-88DE-478C-AF25-3C299A413E65}.Debug|iPhoneSimulator.ActiveCfg = Debug|Any CPU
		{4ADCCDB6-88DE-478C-AF25-3C299A413E65}.Debug|iPhoneSimulator.Build.0 = Debug|Any CPU
		{4ADCCDB6-88DE-478C-AF25-3C299A413E65}.Debug|x64.ActiveCfg = Debug|Any CPU
		{4ADCCDB6-88DE-478C-AF25-3C299A413E65}.Debug|x64.Build.0 = Debug|Any CPU
		{4ADCCDB6-88DE-478C-AF25-3C299A413E65}.Debug|x86.ActiveCfg = Debug|Any CPU
		{4ADCCDB6-88DE-478C-AF25-3C299A413E65}.Debug|x86.Build.0 = Debug|Any CPU
		{4ADCCDB6-88DE-478C-AF25-3C299A413E65}.Release|Any CPU.ActiveCfg = Release|Any CPU
		{4ADCCDB6-88DE-478C-AF25-3C299A413E65}.Release|Any CPU.Build.0 = Release|Any CPU
		{4ADCCDB6-88DE-478C-AF25-3C299A413E65}.Release|ARM.ActiveCfg = Release|Any CPU
		{4ADCCDB6-88DE-478C-AF25-3C299A413E65}.Release|ARM.Build.0 = Release|Any CPU
		{4ADCCDB6-88DE-478C-AF25-3C299A413E65}.Release|iPhone.ActiveCfg = Release|Any CPU
		{4ADCCDB6-88DE-478C-AF25-3C299A413E65}.Release|iPhone.Build.0 = Release|Any CPU
		{4ADCCDB6-88DE-478C-AF25-3C299A413E65}.Release|iPhoneSimulator.ActiveCfg = Release|Any CPU
		{4ADCCDB6-88DE-478C-AF25-3C299A413E65}.Release|iPhoneSimulator.Build.0 = Release|Any CPU
		{4ADCCDB6-88DE-478C-AF25-3C299A413E65}.Release|x64.ActiveCfg = Release|Any CPU
		{4ADCCDB6-88DE-478C-AF25-3C299A413E65}.Release|x64.Build.0 = Release|Any CPU
		{4ADCCDB6-88DE-478C-AF25-3C299A413E65}.Release|x86.ActiveCfg = Release|Any CPU
		{4ADCCDB6-88DE-478C-AF25-3C299A413E65}.Release|x86.Build.0 = Release|Any CPU
		{FEFF07D7-0D64-434D-A60F-16D9EEA67BAE}.Debug|Any CPU.ActiveCfg = Debug|Any CPU
		{FEFF07D7-0D64-434D-A60F-16D9EEA67BAE}.Debug|Any CPU.Build.0 = Debug|Any CPU
		{FEFF07D7-0D64-434D-A60F-16D9EEA67BAE}.Debug|ARM.ActiveCfg = Debug|Any CPU
		{FEFF07D7-0D64-434D-A60F-16D9EEA67BAE}.Debug|ARM.Build.0 = Debug|Any CPU
		{FEFF07D7-0D64-434D-A60F-16D9EEA67BAE}.Debug|iPhone.ActiveCfg = Debug|Any CPU
		{FEFF07D7-0D64-434D-A60F-16D9EEA67BAE}.Debug|iPhone.Build.0 = Debug|Any CPU
		{FEFF07D7-0D64-434D-A60F-16D9EEA67BAE}.Debug|iPhoneSimulator.ActiveCfg = Debug|Any CPU
		{FEFF07D7-0D64-434D-A60F-16D9EEA67BAE}.Debug|iPhoneSimulator.Build.0 = Debug|Any CPU
		{FEFF07D7-0D64-434D-A60F-16D9EEA67BAE}.Debug|x64.ActiveCfg = Debug|Any CPU
		{FEFF07D7-0D64-434D-A60F-16D9EEA67BAE}.Debug|x64.Build.0 = Debug|Any CPU
		{FEFF07D7-0D64-434D-A60F-16D9EEA67BAE}.Debug|x86.ActiveCfg = Debug|Any CPU
		{FEFF07D7-0D64-434D-A60F-16D9EEA67BAE}.Debug|x86.Build.0 = Debug|Any CPU
		{FEFF07D7-0D64-434D-A60F-16D9EEA67BAE}.Release|Any CPU.ActiveCfg = Release|Any CPU
		{FEFF07D7-0D64-434D-A60F-16D9EEA67BAE}.Release|Any CPU.Build.0 = Release|Any CPU
		{FEFF07D7-0D64-434D-A60F-16D9EEA67BAE}.Release|ARM.ActiveCfg = Release|Any CPU
		{FEFF07D7-0D64-434D-A60F-16D9EEA67BAE}.Release|ARM.Build.0 = Release|Any CPU
		{FEFF07D7-0D64-434D-A60F-16D9EEA67BAE}.Release|iPhone.ActiveCfg = Release|Any CPU
		{FEFF07D7-0D64-434D-A60F-16D9EEA67BAE}.Release|iPhone.Build.0 = Release|Any CPU
		{FEFF07D7-0D64-434D-A60F-16D9EEA67BAE}.Release|iPhoneSimulator.ActiveCfg = Release|Any CPU
		{FEFF07D7-0D64-434D-A60F-16D9EEA67BAE}.Release|iPhoneSimulator.Build.0 = Release|Any CPU
		{FEFF07D7-0D64-434D-A60F-16D9EEA67BAE}.Release|x64.ActiveCfg = Release|Any CPU
		{FEFF07D7-0D64-434D-A60F-16D9EEA67BAE}.Release|x64.Build.0 = Release|Any CPU
		{FEFF07D7-0D64-434D-A60F-16D9EEA67BAE}.Release|x86.ActiveCfg = Release|Any CPU
		{FEFF07D7-0D64-434D-A60F-16D9EEA67BAE}.Release|x86.Build.0 = Release|Any CPU
		{16FB22D1-2223-4213-BB76-993D5235956A}.Debug|Any CPU.ActiveCfg = Debug|Any CPU
		{16FB22D1-2223-4213-BB76-993D5235956A}.Debug|Any CPU.Build.0 = Debug|Any CPU
		{16FB22D1-2223-4213-BB76-993D5235956A}.Debug|ARM.ActiveCfg = Debug|Any CPU
		{16FB22D1-2223-4213-BB76-993D5235956A}.Debug|ARM.Build.0 = Debug|Any CPU
		{16FB22D1-2223-4213-BB76-993D5235956A}.Debug|iPhone.ActiveCfg = Debug|Any CPU
		{16FB22D1-2223-4213-BB76-993D5235956A}.Debug|iPhone.Build.0 = Debug|Any CPU
		{16FB22D1-2223-4213-BB76-993D5235956A}.Debug|iPhoneSimulator.ActiveCfg = Debug|Any CPU
		{16FB22D1-2223-4213-BB76-993D5235956A}.Debug|iPhoneSimulator.Build.0 = Debug|Any CPU
		{16FB22D1-2223-4213-BB76-993D5235956A}.Debug|x64.ActiveCfg = Debug|Any CPU
		{16FB22D1-2223-4213-BB76-993D5235956A}.Debug|x64.Build.0 = Debug|Any CPU
		{16FB22D1-2223-4213-BB76-993D5235956A}.Debug|x86.ActiveCfg = Debug|Any CPU
		{16FB22D1-2223-4213-BB76-993D5235956A}.Debug|x86.Build.0 = Debug|Any CPU
		{16FB22D1-2223-4213-BB76-993D5235956A}.Release|Any CPU.ActiveCfg = Release|Any CPU
		{16FB22D1-2223-4213-BB76-993D5235956A}.Release|Any CPU.Build.0 = Release|Any CPU
		{16FB22D1-2223-4213-BB76-993D5235956A}.Release|ARM.ActiveCfg = Release|Any CPU
		{16FB22D1-2223-4213-BB76-993D5235956A}.Release|ARM.Build.0 = Release|Any CPU
		{16FB22D1-2223-4213-BB76-993D5235956A}.Release|iPhone.ActiveCfg = Release|Any CPU
		{16FB22D1-2223-4213-BB76-993D5235956A}.Release|iPhone.Build.0 = Release|Any CPU
		{16FB22D1-2223-4213-BB76-993D5235956A}.Release|iPhoneSimulator.ActiveCfg = Release|Any CPU
		{16FB22D1-2223-4213-BB76-993D5235956A}.Release|iPhoneSimulator.Build.0 = Release|Any CPU
		{16FB22D1-2223-4213-BB76-993D5235956A}.Release|x64.ActiveCfg = Release|Any CPU
		{16FB22D1-2223-4213-BB76-993D5235956A}.Release|x64.Build.0 = Release|Any CPU
		{16FB22D1-2223-4213-BB76-993D5235956A}.Release|x86.ActiveCfg = Release|Any CPU
		{16FB22D1-2223-4213-BB76-993D5235956A}.Release|x86.Build.0 = Release|Any CPU
	EndGlobalSection
	GlobalSection(SolutionProperties) = preSolution
		HideSolutionNode = FALSE
	EndGlobalSection
	GlobalSection(ExtensibilityGlobals) = postSolution
		SolutionGuid = {0C709B37-4F5F-4B2E-B81F-C397F57BC370}
	EndGlobalSection
EndGlobal
